
Microsoft Visual Studio Solution File, Format Version 12.00
# Visual Studio Version 16
VisualStudioVersion = 16.0.31321.278
MinimumVisualStudioVersion = 10.0.40219.1
Project("{FAE04EC0-301F-11D3-BF4B-00C04F79EFBC}") = "Exercicio2RaioDoCirculo", "Exercicio2RaioDoCirculo\Exercicio2RaioDoCirculo.csproj", "{9585B09F-BBEC-4352-8D3D-DCFF24E62330}"
EndProject
Global
	GlobalSection(SolutionConfigurationPlatforms) = preSolution
		Debug|Any CPU = Debug|Any CPU
		Release|Any CPU = Release|Any CPU
	EndGlobalSection
	GlobalSection(ProjectConfigurationPlatforms) = postSolution
		{9585B09F-BBEC-4352-8D3D-DCFF24E62330}.Debug|Any CPU.ActiveCfg = Debug|Any CPU
		{9585B09F-BBEC-4352-8D3D-DCFF24E62330}.Debug|Any CPU.Build.0 = Debug|Any CPU
		{9585B09F-BBEC-4352-8D3D-DCFF24E62330}.Release|Any CPU.ActiveCfg = Release|Any CPU
		{9585B09F-BBEC-4352-8D3D-DCFF24E62330}.Release|Any CPU.Build.0 = Release|Any CPU
	EndGlobalSection
	GlobalSection(SolutionProperties) = preSolution
		HideSolutionNode = FALSE
	EndGlobalSection
	GlobalSection(ExtensibilityGlobals) = postSolution
		SolutionGuid = {601F9B8D-E839-47FB-8773-EB3FF03B5F52}
	EndGlobalSection
EndGlobal
